
Microsoft Visual Studio Solution File, Format Version 12.00
# Visual Studio 2012
Project("{FAE04EC0-301F-11D3-BF4B-00C04F79EFBC}") = "iRobotCreate.Library", "iRobotCreate.Library\iRobotCreate.Library.csproj", "{B45D3DD2-450B-4898-B47F-E7AFF003E62F}"
EndProject
Project("{FAE04EC0-301F-11D3-BF4B-00C04F79EFBC}") = "iRobotCreate.Test.WPF", "iRobotCreate.Test.WPF\iRobotCreate.Test.WPF.csproj", "{B3EA0A98-B47E-4B45-8BFD-E1A34FE1A899}"
EndProject
Global
	GlobalSection(SolutionConfigurationPlatforms) = preSolution
		Debug|Any CPU = Debug|Any CPU
		Release|Any CPU = Release|Any CPU
	EndGlobalSection
	GlobalSection(ProjectConfigurationPlatforms) = postSolution
		{B45D3DD2-450B-4898-B47F-E7AFF003E62F}.Debug|Any CPU.ActiveCfg = Debug|Any CPU
		{B45D3DD2-450B-4898-B47F-E7AFF003E62F}.Debug|Any CPU.Build.0 = Debug|Any CPU
		{B45D3DD2-450B-4898-B47F-E7AFF003E62F}.Release|Any CPU.ActiveCfg = Release|Any CPU
		{B45D3DD2-450B-4898-B47F-E7AFF003E62F}.Release|Any CPU.Build.0 = Release|Any CPU
		{B3EA0A98-B47E-4B45-8BFD-E1A34FE1A899}.Debug|Any CPU.ActiveCfg = Debug|Any CPU
		{B3EA0A98-B47E-4B45-8BFD-E1A34FE1A899}.Debug|Any CPU.Build.0 = Debug|Any CPU
		{B3EA0A98-B47E-4B45-8BFD-E1A34FE1A899}.Release|Any CPU.ActiveCfg = Release|Any CPU
		{B3EA0A98-B47E-4B45-8BFD-E1A34FE1A899}.Release|Any CPU.Build.0 = Release|Any CPU
	EndGlobalSection
	GlobalSection(SolutionProperties) = preSolution
		HideSolutionNode = FALSE
	EndGlobalSection
EndGlobal
